{
  "name": "price_memo",
  "version": "1.0.0",
  "lockfileVersion": 2,
  "requires": true,
  "packages": {
    "": {
      "name": "price_memo",
      "version": "1.0.0",
      "license": "ISC",
      "devDependencies": {
        "fireward": "^2.0.19"
      }
    },
    "node_modules/fireward": {
      "version": "2.0.19",
      "resolved": "https://registry.npmjs.org/fireward/-/fireward-2.0.19.tgz",
      "integrity": "sha512-yhOshP32y7G7nX0gxdxQgwtCNAe1ZJy5AWwz68h8SSqiAsekqTkoAZeJFPHwUJPwAMq6Q2RKWssyk/q8fK5QcA==",
      "dev": true,
      "bin": {
        "fireward": "index.js"
      }
    }
  },
  "dependencies": {
    "fireward": {
      "version": "2.0.19",
      "resolved": "https://registry.npmjs.org/fireward/-/fireward-2.0.19.tgz",
      "integrity": "sha512-yhOshP32y7G7nX0gxdxQgwtCNAe1ZJy5AWwz68h8SSqiAsekqTkoAZeJFPHwUJPwAMq6Q2RKWssyk/q8fK5QcA==",
      "dev": true
    }
  }
}
